// !$*UTF8*$!
{
	archiveVersion = 1;
	classes = {
	};
	objectVersion = 55;
	objects = {

/* Begin PBXBuildFile section */
		347A6CA0283ACC51001693CD /* AppDelegate.swift in Sources */ = {isa = PBXBuildFile; fileRef = 347A6C9F283ACC51001693CD /* AppDelegate.swift */; };
		347A6CA2283ACC51001693CD /* SceneDelegate.swift in Sources */ = {isa = PBXBuildFile; fileRef = 347A6CA1283ACC51001693CD /* SceneDelegate.swift */; };
		347A6CA4283ACC51001693CD /* ViewController.swift in Sources */ = {isa = PBXBuildFile; fileRef = 347A6CA3283ACC51001693CD /* ViewController.swift */; };
		347A6CA7283ACC51001693CD /* Main.storyboard in Resources */ = {isa = PBXBuildFile; fileRef = 347A6CA5283ACC51001693CD /* Main.storyboard */; };
		347A6CA9283ACC54001693CD /* Assets.xcassets in Resources */ = {isa = PBXBuildFile; fileRef = 347A6CA8283ACC54001693CD /* Assets.xcassets */; };
		347A6CAC283ACC54001693CD /* LaunchScreen.storyboard in Resources */ = {isa = PBXBuildFile; fileRef = 347A6CAA283ACC54001693CD /* LaunchScreen.storyboard */; };
		347A6CB7283ACC54001693CD /* NavigationBarItemsTests.swift in Sources */ = {isa = PBXBuildFile; fileRef = 347A6CB6283ACC54001693CD /* NavigationBarItemsTests.swift */; };
		347A6CC1283ACC54001693CD /* NavigationBarItemsUITests.swift in Sources */ = {isa = PBXBuildFile; fileRef = 347A6CC0283ACC54001693CD /* NavigationBarItemsUITests.swift */; };
		347A6CC3283ACC54001693CD /* NavigationBarItemsUITestsLaunchTests.swift in Sources */ = {isa = PBXBuildFile; fileRef = 347A6CC2283ACC54001693CD /* NavigationBarItemsUITestsLaunchTests.swift */; };
/* End PBXBuildFile section */

/* Begin PBXContainerItemProxy section */
		347A6CB3283ACC54001693CD /* PBXContainerItemProxy */ = {
			isa = PBXContainerItemProxy;
			containerPortal = 347A6C94283ACC51001693CD /* Project object */;
			proxyType = 1;
			remoteGlobalIDString = 347A6C9B283ACC51001693CD;
			remoteInfo = NavigationBarItems;
		};
		347A6CBD283ACC54001693CD /* PBXContainerItemProxy */ = {
			isa = PBXContainerItemProxy;
			containerPortal = 347A6C94283ACC51001693CD /* Project object */;
			proxyType = 1;
			remoteGlobalIDString = 347A6C9B283ACC51001693CD;
			remoteInfo = NavigationBarItems;
		};
/* End PBXContainerItemProxy section */

/* Begin PBXFileReference section */
		347A6C9C283ACC51001693CD /* NavigationBarItems.app */ = {isa = PBXFileReference; explicitFileType = wrapper.application; includeInIndex = 0; path = NavigationBarItems.app; sourceTree = BUILT_PRODUCTS_DIR; };
		347A6C9F283ACC51001693CD /* AppDelegate.swift */ = {isa = PBXFileReference; lastKnownFileType = sourcecode.swift; path = AppDelegate.swift; sourceTree = "<group>"; };
		347A6CA1283ACC51001693CD /* SceneDelegate.swift */ = {isa = PBXFileReference; lastKnownFileType = sourcecode.swift; path = SceneDelegate.swift; sourceTree = "<group>"; };
		347A6CA3283ACC51001693CD /* ViewController.swift */ = {isa = PBXFileReference; lastKnownFileType = sourcecode.swift; path = ViewController.swift; sourceTree = "<group>"; };
		347A6CA6283ACC51001693CD /* Base */ = {isa = PBXFileReference; lastKnownFileType = file.storyboard; name = Base; path = Base.lproj/Main.storyboard; sourceTree = "<group>"; };
		347A6CA8283ACC54001693CD /* Assets.xcassets */ = {isa = PBXFileReference; lastKnownFileType = folder.assetcatalog; path = Assets.xcassets; sourceTree = "<group>"; };
		347A6CAB283ACC54001693CD /* Base */ = {isa = PBXFileReference; lastKnownFileType = file.storyboard; name = Base; path = Base.lproj/LaunchScreen.storyboard; sourceTree = "<group>"; };
		347A6CAD283ACC54001693CD /* Info.plist */ = {isa = PBXFileReference; lastKnownFileType = text.plist.xml; path = Info.plist; sourceTree = "<group>"; };
		347A6CB2283ACC54001693CD /* NavigationBarItemsTests.xctest */ = {isa = PBXFileReference; explicitFileType = wrapper.cfbundle; includeInIndex = 0; path = NavigationBarItemsTests.xctest; sourceTree = BUILT_PRODUCTS_DIR; };
		347A6CB6283ACC54001693CD /* NavigationBarItemsTests.swift */ = {isa = PBXFileReference; lastKnownFileType = sourcecode.swift; path = NavigationBarItemsTests.swift; sourceTree = "<group>"; };
		347A6CBC283ACC54001693CD /* NavigationBarItemsUITests.xctest */ = {isa = PBXFileReference; explicitFileType = wrapper.cfbundle; includeInIndex = 0; path = NavigationBarItemsUITests.xctest; sourceTree = BUILT_PRODUCTS_DIR; };
		347A6CC0283ACC54001693CD /* NavigationBarItemsUITests.swift */ = {isa = PBXFileReference; lastKnownFileType = sourcecode.swift; path = NavigationBarItemsUITests.swift; sourceTree = "<group>"; };
		347A6CC2283ACC54001693CD /* NavigationBarItemsUITestsLaunchTests.swift */ = {isa = PBXFileReference; lastKnownFileType = sourcecode.swift; path = NavigationBarItemsUITestsLaunchTests.swift; sourceTree = "<group>"; };
/* End PBXFileReference section */

/* Begin PBXFrameworksBuildPhase section */
		347A6C99283ACC51001693CD /* Frameworks */ = {
			isa = PBXFrameworksBuildPhase;
			buildActionMask = 2147483647;
			files = (
			);
			runOnlyForDeploymentPostprocessing = 0;
		};
		347A6CAF283ACC54001693CD /* Frameworks */ = {
			isa = PBXFrameworksBuildPhase;
			buildActionMask = 2147483647;
			files = (
			);
			runOnlyForDeploymentPostprocessing = 0;
		};
		347A6CB9283ACC54001693CD /* Frameworks */ = {
			isa = PBXFrameworksBuildPhase;
			buildActionMask = 2147483647;
			files = (
			);
			runOnlyForDeploymentPostprocessing = 0;
		};
/* End PBXFrameworksBuildPhase section */

/* Begin PBXGroup section */
		347A6C93283ACC51001693CD = {
			isa = PBXGroup;
			children = (
				347A6C9E283ACC51001693CD /* NavigationBarItems */,
				347A6CB5283ACC54001693CD /* NavigationBarItemsTests */,
				347A6CBF283ACC54001693CD /* NavigationBarItemsUITests */,
				347A6C9D283ACC51001693CD /* Products */,
			);
			sourceTree = "<group>";
		};
		347A6C9D283ACC51001693CD /* Products */ = {
			isa = PBXGroup;
			children = (
				347A6C9C283ACC51001693CD /* NavigationBarItems.app */,
				347A6CB2283ACC54001693CD /* NavigationBarItemsTests.xctest */,
				347A6CBC283ACC54001693CD /* NavigationBarItemsUITests.xctest */,
			);
			name = Products;
			sourceTree = "<group>";
		};
		347A6C9E283ACC51001693CD /* NavigationBarItems */ = {
			isa = PBXGroup;
			children = (
				347A6C9F283ACC51001693CD /* AppDelegate.swift */,
				347A6CA1283ACC51001693CD /* SceneDelegate.swift */,
				347A6CA3283ACC51001693CD /* ViewController.swift */,
				347A6CA5283ACC51001693CD /* Main.storyboard */,
				347A6CA8283ACC54001693CD /* Assets.xcassets */,
				347A6CAA283ACC54001693CD /* LaunchScreen.storyboard */,
				347A6CAD283ACC54001693CD /* Info.plist */,
			);
			path = NavigationBarItems;
			sourceTree = "<group>";
		};
		347A6CB5283ACC54001693CD /* NavigationBarItemsTests */ = {
			isa = PBXGroup;
			children = (
				347A6CB6283ACC54001693CD /* NavigationBarItemsTests.swift */,
			);
			path = NavigationBarItemsTests;
			sourceTree = "<group>";
		};
		347A6CBF283ACC54001693CD /* NavigationBarItemsUITests */ = {
			isa = PBXGroup;
			children = (
				347A6CC0283ACC54001693CD /* NavigationBarItemsUITests.swift */,
				347A6CC2283ACC54001693CD /* NavigationBarItemsUITestsLaunchTests.swift */,
			);
			path = NavigationBarItemsUITests;
			sourceTree = "<group>";
		};
/* End PBXGroup section */

/* Begin PBXNativeTarget section */
		347A6C9B283ACC51001693CD /* NavigationBarItems */ = {
			isa = PBXNativeTarget;
			buildConfigurationList = 347A6CC6283ACC54001693CD /* Build configuration list for PBXNativeTarget "NavigationBarItems" */;
			buildPhases = (
				347A6C98283ACC51001693CD /* Sources */,
				347A6C99283ACC51001693CD /* Frameworks */,
				347A6C9A283ACC51001693CD /* Resources */,
			);
			buildRules = (
			);
			dependencies = (
			);
			name = NavigationBarItems;
			productName = NavigationBarItems;
			productReference = 347A6C9C283ACC51001693CD /* NavigationBarItems.app */;
			productType = "com.apple.product-type.application";
		};
		347A6CB1283ACC54001693CD /* NavigationBarItemsTests */ = {
			isa = PBXNativeTarget;
			buildConfigurationList = 347A6CC9283ACC54001693CD /* Build configuration list for PBXNativeTarget "NavigationBarItemsTests" */;
			buildPhases = (
				347A6CAE283ACC54001693CD /* Sources */,
				347A6CAF283ACC54001693CD /* Frameworks */,
				347A6CB0283ACC54001693CD /* Resources */,
			);
			buildRules = (
			);
			dependencies = (
				347A6CB4283ACC54001693CD /* PBXTargetDependency */,
			);
			name = NavigationBarItemsTests;
			productName = NavigationBarItemsTests;
			productReference = 347A6CB2283ACC54001693CD /* NavigationBarItemsTests.xctest */;
			productType = "com.apple.product-type.bundle.unit-test";
		};
		347A6CBB283ACC54001693CD /* NavigationBarItemsUITests */ = {
			isa = PBXNativeTarget;
			buildConfigurationList = 347A6CCC283ACC54001693CD /* Build configuration list for PBXNativeTarget "NavigationBarItemsUITests" */;
			buildPhases = (
				347A6CB8283ACC54001693CD /* Sources */,
				347A6CB9283ACC54001693CD /* Frameworks */,
				347A6CBA283ACC54001693CD /* Resources */,
			);
			buildRules = (
			);
			dependencies = (
				347A6CBE283ACC54001693CD /* PBXTargetDependency */,
			);
			name = NavigationBarItemsUITests;
			productName = NavigationBarItemsUITests;
			productReference = 347A6CBC283ACC54001693CD /* NavigationBarItemsUITests.xctest */;
			productType = "com.apple.product-type.bundle.ui-testing";
		};
/* End PBXNativeTarget section */

/* Begin PBXProject section */
		347A6C94283ACC51001693CD /* Project object */ = {
			isa = PBXProject;
			attributes = {
				BuildIndependentTargetsInParallel = 1;
				LastSwiftUpdateCheck = 1340;
				LastUpgradeCheck = 1340;
				TargetAttributes = {
					347A6C9B283ACC51001693CD = {
						CreatedOnToolsVersion = 13.4;
					};
					347A6CB1283ACC54001693CD = {
						CreatedOnToolsVersion = 13.4;
						TestTargetID = 347A6C9B283ACC51001693CD;
					};
					347A6CBB283ACC54001693CD = {
						CreatedOnToolsVersion = 13.4;
						TestTargetID = 347A6C9B283ACC51001693CD;
					};
				};
			};
			buildConfigurationList = 347A6C97283ACC51001693CD /* Build configuration list for PBXProject "NavigationBarItems" */;
			compatibilityVersion = "Xcode 13.0";
			developmentRegion = en;
			hasScannedForEncodings = 0;
			knownRegions = (
				en,
				Base,
			);
			mainGroup = 347A6C93283ACC51001693CD;
			productRefGroup = 347A6C9D283ACC51001693CD /* Products */;
			projectDirPath = "";
			projectRoot = "";
			targets = (
				347A6C9B283ACC51001693CD /* NavigationBarItems */,
				347A6CB1283ACC54001693CD /* NavigationBarItemsTests */,
				347A6CBB283ACC54001693CD /* NavigationBarItemsUITests */,
			);
		};
/* End PBXProject section */

/* Begin PBXResourcesBuildPhase section */
		347A6C9A283ACC51001693CD /* Resources */ = {
			isa = PBXResourcesBuildPhase;
			buildActionMask = 2147483647;
			files = (
				347A6CAC283ACC54001693CD /* LaunchScreen.storyboard in Resources */,
				347A6CA9283ACC54001693CD /* Assets.xcassets in Resources */,
				347A6CA7283ACC51001693CD /* Main.storyboard in Resources */,
			);
			runOnlyForDeploymentPostprocessing = 0;
		};
		347A6CB0283ACC54001693CD /* Resources */ = {
			isa = PBXResourcesBuildPhase;
			buildActionMask = 2147483647;
			files = (
			);
			runOnlyForDeploymentPostprocessing = 0;
		};
		347A6CBA283ACC54001693CD /* Resources */ = {
			isa = PBXResourcesBuildPhase;
			buildActionMask = 2147483647;
			files = (
			);
			runOnlyForDeploymentPostprocessing = 0;
		};
/* End PBXResourcesBuildPhase section */

/* Begin PBXSourcesBuildPhase section */
		347A6C98283ACC51001693CD /* Sources */ = {
			isa = PBXSourcesBuildPhase;
			buildActionMask = 2147483647;
			files = (
				347A6CA4283ACC51001693CD /* ViewController.swift in Sources */,
				347A6CA0283ACC51001693CD /* AppDelegate.swift in Sources */,
				347A6CA2283ACC51001693CD /* SceneDelegate.swift in Sources */,
			);
			runOnlyForDeploymentPostprocessing = 0;
		};
		347A6CAE283ACC54001693CD /* Sources */ = {
			isa = PBXSourcesBuildPhase;
			buildActionMask = 2147483647;
			files = (
				347A6CB7283ACC54001693CD /* NavigationBarItemsTests.swift in Sources */,
			);
			runOnlyForDeploymentPostprocessing = 0;
		};
		347A6CB8283ACC54001693CD /* Sources */ = {
			isa = PBXSourcesBuildPhase;
			buildActionMask = 2147483647;
			files = (
				347A6CC1283ACC54001693CD /* NavigationBarItemsUITests.swift in Sources */,
				347A6CC3283ACC54001693CD /* NavigationBarItemsUITestsLaunchTests.swift in Sources */,
			);
			runOnlyForDeploymentPostprocessing = 0;
		};
/* End PBXSourcesBuildPhase section */

/* Begin PBXTargetDependency section */
		347A6CB4283ACC54001693CD /* PBXTargetDependency */ = {
			isa = PBXTargetDependency;
			target = 347A6C9B283ACC51001693CD /* NavigationBarItems */;
			targetProxy = 347A6CB3283ACC54001693CD /* PBXContainerItemProxy */;
		};
		347A6CBE283ACC54001693CD /* PBXTargetDependency */ = {
			isa = PBXTargetDependency;
			target = 347A6C9B283ACC51001693CD /* NavigationBarItems */;
			targetProxy = 347A6CBD283ACC54001693CD /* PBXContainerItemProxy */;
		};
/* End PBXTargetDependency section */

/* Begin PBXVariantGroup section */
		347A6CA5283ACC51001693CD /* Main.storyboard */ = {
			isa = PBXVariantGroup;
			children = (
				347A6CA6283ACC51001693CD /* Base */,
			);
			name = Main.storyboard;
			sourceTree = "<group>";
		};
		347A6CAA283ACC54001693CD /* LaunchScreen.storyboard */ = {
			isa = PBXVariantGroup;
			children = (
				347A6CAB283ACC54001693CD /* Base */,
			);
			name = LaunchScreen.storyboard;
			sourceTree = "<group>";
		};
/* End PBXVariantGroup section */

/* Begin XCBuildConfiguration section */
		347A6CC4283ACC54001693CD /* Debug */ = {
			isa = XCBuildConfiguration;
			buildSettings = {
				ALWAYS_SEARCH_USER_PATHS = NO;
				CLANG_ANALYZER_NONNULL = YES;
				CLANG_ANALYZER_NUMBER_OBJECT_CONVERSION = YES_AGGRESSIVE;
				CLANG_CXX_LANGUAGE_STANDARD = "gnu++17";
				CLANG_ENABLE_MODULES = YES;
				CLANG_ENABLE_OBJC_ARC = YES;
				CLANG_ENABLE_OBJC_WEAK = YES;
				CLANG_WARN_BLOCK_CAPTURE_AUTORELEASING = YES;
				CLANG_WARN_BOOL_CONVERSION = YES;
				CLANG_WARN_COMMA = YES;
				CLANG_WARN_CONSTANT_CONVERSION = YES;
				CLANG_WARN_DEPRECATED_OBJC_IMPLEMENTATIONS = YES;
				CLANG_WARN_DIRECT_OBJC_ISA_USAGE = YES_ERROR;
				CLANG_WARN_DOCUMENTATION_COMMENTS = YES;
				CLANG_WARN_EMPTY_BODY = YES;
				CLANG_WARN_ENUM_CONVERSION = YES;
				CLANG_WARN_INFINITE_RECURSION = YES;
				CLANG_WARN_INT_CONVERSION = YES;
				CLANG_WARN_NON_LITERAL_NULL_CONVERSION = YES;
				CLANG_WARN_OBJC_IMPLICIT_RETAIN_SELF = YES;
				CLANG_WARN_OBJC_LITERAL_CONVERSION = YES;
				CLANG_WARN_OBJC_ROOT_CLASS = YES_ERROR;
				CLANG_WARN_QUOTED_INCLUDE_IN_FRAMEWORK_HEADER = YES;
				CLANG_WARN_RANGE_LOOP_ANALYSIS = YES;
				CLANG_WARN_STRICT_PROTOTYPES = YES;
				CLANG_WARN_SUSPICIOUS_MOVE = YES;
				CLANG_WARN_UNGUARDED_AVAILABILITY = YES_AGGRESSIVE;
				CLANG_WARN_UNREACHABLE_CODE = YES;
				CLANG_WARN__DUPLICATE_METHOD_MATCH = YES;
				COPY_PHASE_STRIP = NO;
				DEBUG_INFORMATION_FORMAT = dwarf;
				ENABLE_STRICT_OBJC_MSGSEND = YES;
				ENABLE_TESTABILITY = YES;
				GCC_C_LANGUAGE_STANDARD = gnu11;
				GCC_DYNAMIC_NO_PIC = NO;
				GCC_NO_COMMON_BLOCKS = YES;
				GCC_OPTIMIZATION_LEVEL = 0;
				GCC_PREPROCESSOR_DEFINITIONS = (
					"DEBUG=1",
					"$(inherited)",
				);
				GCC_WARN_64_TO_32_BIT_CONVERSION = YES;
				GCC_WARN_ABOUT_RETURN_TYPE = YES_ERROR;
				GCC_WARN_UNDECLARED_SELECTOR = YES;
				GCC_WARN_UNINITIALIZED_AUTOS = YES_AGGRESSIVE;
				GCC_WARN_UNUSED_FUNCTION = YES;
				GCC_WARN_UNUSED_VARIABLE = YES;
				IPHONEOS_DEPLOYMENT_TARGET = 15.5;
				MTL_ENABLE_DEBUG_INFO = INCLUDE_SOURCE;
				MTL_FAST_MATH = YES;
				ONLY_ACTIVE_ARCH = YES;
				SDKROOT = iphoneos;
				SWIFT_ACTIVE_COMPILATION_CONDITIONS = DEBUG;
				SWIFT_OPTIMIZATION_LEVEL = "-Onone";
			};
			name = Debug;
		};
		347A6CC5283ACC54001693CD /* Release */ = {
			isa = XCBuildConfiguration;
			buildSettings = {
				ALWAYS_SEARCH_USER_PATHS = NO;
				CLANG_ANALYZER_NONNULL = YES;
				CLANG_ANALYZER_NUMBER_OBJECT_CONVERSION = YES_AGGRESSIVE;
				CLANG_CXX_LANGUAGE_STANDARD = "gnu++17";
				CLANG_ENABLE_MODULES = YES;
				CLANG_ENABLE_OBJC_ARC = YES;
				CLANG_ENABLE_OBJC_WEAK = YES;
				CLANG_WARN_BLOCK_CAPTURE_AUTORELEASING = YES;
				CLANG_WARN_BOOL_CONVERSION = YES;
				CLANG_WARN_COMMA = YES;
				CLANG_WARN_CONSTANT_CONVERSION = YES;
				CLANG_WARN_DEPRECATED_OBJC_IMPLEMENTATIONS = YES;
				CLANG_WARN_DIRECT_OBJC_ISA_USAGE = YES_ERROR;
				CLANG_WARN_DOCUMENTATION_COMMENTS = YES;
				CLANG_WARN_EMPTY_BODY = YES;
				CLANG_WARN_ENUM_CONVERSION = YES;
				CLANG_WARN_INFINITE_RECURSION = YES;
				CLANG_WARN_INT_CONVERSION = YES;
				CLANG_WARN_NON_LITERAL_NULL_CONVERSION = YES;
				CLANG_WARN_OBJC_IMPLICIT_RETAIN_SELF = YES;
				CLANG_WARN_OBJC_LITERAL_CONVERSION = YES;
				CLANG_WARN_OBJC_ROOT_CLASS = YES_ERROR;
				CLANG_WARN_QUOTED_INCLUDE_IN_FRAMEWORK_HEADER = YES;
				CLANG_WARN_RANGE_LOOP_ANALYSIS = YES;
				CLANG_WARN_STRICT_PROTOTYPES = YES;
				CLANG_WARN_SUSPICIOUS_MOVE = YES;
				CLANG_WARN_UNGUARDED_AVAILABILITY = YES_AGGRESSIVE;
				CLANG_WARN_UNREACHABLE_CODE = YES;
				CLANG_WARN__DUPLICATE_METHOD_MATCH = YES;
				COPY_PHASE_STRIP = NO;
				DEBUG_INFORMATION_FORMAT = "dwarf-with-dsym";
				ENABLE_NS_ASSERTIONS = NO;
				ENABLE_STRICT_OBJC_MSGSEND = YES;
				GCC_C_LANGUAGE_STANDARD = gnu11;
				GCC_NO_COMMON_BLOCKS = YES;
				GCC_WARN_64_TO_32_BIT_CONVERSION = YES;
				GCC_WARN_ABOUT_RETURN_TYPE = YES_ERROR;
				GCC_WARN_UNDECLARED_SELECTOR = YES;
				GCC_WARN_UNINITIALIZED_AUTOS = YES_AGGRESSIVE;
				GCC_WARN_UNUSED_FUNCTION = YES;
				GCC_WARN_UNUSED_VARIABLE = YES;
				IPHONEOS_DEPLOYMENT_TARGET = 15.5;
				MTL_ENABLE_DEBUG_INFO = NO;
				MTL_FAST_MATH = YES;
				SDKROOT = iphoneos;
				SWIFT_COMPILATION_MODE = wholemodule;
				SWIFT_OPTIMIZATION_LEVEL = "-O";
				VALIDATE_PRODUCT = YES;
			};
			name = Release;
		};
		347A6CC7283ACC54001693CD /* Debug */ = {
			isa = XCBuildConfiguration;
			buildSettings = {
				ASSETCATALOG_COMPILER_APPICON_NAME = AppIcon;
				ASSETCATALOG_COMPILER_GLOBAL_ACCENT_COLOR_NAME = AccentColor;
				CODE_SIGN_STYLE = Automatic;
				CURRENT_PROJECT_VERSION = 1;
				GENERATE_INFOPLIST_FILE = YES;
				INFOPLIST_FILE = NavigationBarItems/Info.plist;
				INFOPLIST_KEY_UIApplicationSupportsIndirectInputEvents = YES;
				INFOPLIST_KEY_UILaunchStoryboardName = LaunchScreen;
				INFOPLIST_KEY_UIMainStoryboardFile = Main;
				INFOPLIST_KEY_UISupportedInterfaceOrientations_iPad = "UIInterfaceOrientationPortrait UIInterfaceOrientationPortraitUpsideDown UIInterfaceOrientationLandscapeLeft UIInterfaceOrientationLandscapeRight";
				INFOPLIST_KEY_UISupportedInterfaceOrientations_iPhone = "UIInterfaceOrientationPortrait UIInterfaceOrientationLandscapeLeft UIInterfaceOrientationLandscapeRight";
				LD_RUNPATH_SEARCH_PATHS = (
					"$(inherited)",
					"@executable_path/Frameworks",
				);
				MARKETING_VERSION = 1.0;
				PRODUCT_BUNDLE_IDENTIFIER = com.vlado.playground.NavigationBarItems;
				PRODUCT_NAME = "$(TARGET_NAME)";
				SWIFT_EMIT_LOC_STRINGS = YES;
				SWIFT_VERSION = 5.0;
				TARGETED_DEVICE_FAMILY = "1,2";
			};
			name = Debug;
		};
		347A6CC8283ACC54001693CD /* Release */ = {
			isa = XCBuildConfiguration;
			buildSettings = {
				ASSETCATALOG_COMPILER_APPICON_NAME = AppIcon;
				ASSETCATALOG_COMPILER_GLOBAL_ACCENT_COLOR_NAME = AccentColor;
				CODE_SIGN_STYLE = Automatic;
				CURRENT_PROJECT_VERSION = 1;
				GENERATE_INFOPLIST_FILE = YES;
				INFOPLIST_FILE = NavigationBarItems/Info.plist;
				INFOPLIST_KEY_UIApplicationSupportsIndirectInputEvents = YES;
				INFOPLIST_KEY_UILaunchStoryboardName = LaunchScreen;
				INFOPLIST_KEY_UIMainStoryboardFile = Main;
				INFOPLIST_KEY_UISupportedInterfaceOrientations_iPad = "UIInterfaceOrientationPortrait UIInterfaceOrientationPortraitUpsideDown UIInterfaceOrientationLandscapeLeft UIInterfaceOrientationLandscapeRight";
				INFOPLIST_KEY_UISupportedInterfaceOrientations_iPhone = "UIInterfaceOrientationPortrait UIInterfaceOrientationLandscapeLeft UIInterfaceOrientationLandscapeRight";
				LD_RUNPATH_SEARCH_PATHS = (
					"$(inherited)",
					"@executable_path/Frameworks",
				);
				MARKETING_VERSION = 1.0;
				PRODUCT_BUNDLE_IDENTIFIER = com.vlado.playground.NavigationBarItems;
				PRODUCT_NAME = "$(TARGET_NAME)";
				SWIFT_EMIT_LOC_STRINGS = YES;
				SWIFT_VERSION = 5.0;
				TARGETED_DEVICE_FAMILY = "1,2";
			};
			name = Release;
		};
		347A6CCA283ACC54001693CD /* Debug */ = {
			isa = XCBuildConfiguration;
			buildSettings = {
				ALWAYS_EMBED_SWIFT_STANDARD_LIBRARIES = YES;
				BUNDLE_LOADER = "$(TEST_HOST)";
				CODE_SIGN_STYLE = Automatic;
				CURRENT_PROJECT_VERSION = 1;
				GENERATE_INFOPLIST_FILE = YES;
				IPHONEOS_DEPLOYMENT_TARGET = 15.5;
				MARKETING_VERSION = 1.0;
				PRODUCT_BUNDLE_IDENTIFIER = com.vlado.playground.NavigationBarItemsTests;
				PRODUCT_NAME = "$(TARGET_NAME)";
				SWIFT_EMIT_LOC_STRINGS = NO;
				SWIFT_VERSION = 5.0;
				TARGETED_DEVICE_FAMILY = "1,2";
				TEST_HOST = "$(BUILT_PRODUCTS_DIR)/NavigationBarItems.app/NavigationBarItems";
			};
			name = Debug;
		};
		347A6CCB283ACC54001693CD /* Release */ = {
			isa = XCBuildConfiguration;
			buildSettings = {
				ALWAYS_EMBED_SWIFT_STANDARD_LIBRARIES = YES;
				BUNDLE_LOADER = "$(TEST_HOST)";
				CODE_SIGN_STYLE = Automatic;
				CURRENT_PROJECT_VERSION = 1;
				GENERATE_INFOPLIST_FILE = YES;
				IPHONEOS_DEPLOYMENT_TARGET = 15.5;
				MARKETING_VERSION = 1.0;
				PRODUCT_BUNDLE_IDENTIFIER = com.vlado.playground.NavigationBarItemsTests;
				PRODUCT_NAME = "$(TARGET_NAME)";
				SWIFT_EMIT_LOC_STRINGS = NO;
				SWIFT_VERSION = 5.0;
				TARGETED_DEVICE_FAMILY = "1,2";
				TEST_HOST = "$(BUILT_PRODUCTS_DIR)/NavigationBarItems.app/NavigationBarItems";
			};
			name = Release;
		};
		347A6CCD283ACC54001693CD /* Debug */ = {
			isa = XCBuildConfiguration;
			buildSettings = {
				ALWAYS_EMBED_SWIFT_STANDARD_LIBRARIES = YES;
				CODE_SIGN_STYLE = Automatic;
				CURRENT_PROJECT_VERSION = 1;
				GENERATE_INFOPLIST_FILE = YES;
				MARKETING_VERSION = 1.0;
				PRODUCT_BUNDLE_IDENTIFIER = com.vlado.playground.NavigationBarItemsUITests;
				PRODUCT_NAME = "$(TARGET_NAME)";
				SWIFT_EMIT_LOC_STRINGS = NO;
				SWIFT_VERSION = 5.0;
				TARGETED_DEVICE_FAMILY = "1,2";
				TEST_TARGET_NAME = NavigationBarItems;
			};
			name = Debug;
		};
		347A6CCE283ACC54001693CD /* Release */ = {
			isa = XCBuildConfiguration;
			buildSettings = {
				ALWAYS_EMBED_SWIFT_STANDARD_LIBRARIES = YES;
				CODE_SIGN_STYLE = Automatic;
				CURRENT_PROJECT_VERSION = 1;
				GENERATE_INFOPLIST_FILE = YES;
				MARKETING_VERSION = 1.0;
				PRODUCT_BUNDLE_IDENTIFIER = com.vlado.playground.NavigationBarItemsUITests;
				PRODUCT_NAME = "$(TARGET_NAME)";
				SWIFT_EMIT_LOC_STRINGS = NO;
				SWIFT_VERSION = 5.0;
				TARGETED_DEVICE_FAMILY = "1,2";
				TEST_TARGET_NAME = NavigationBarItems;
			};
			name = Release;
		};
/* End XCBuildConfiguration section */

/* Begin XCConfigurationList section */
		347A6C97283ACC51001693CD /* Build configuration list for PBXProject "NavigationBarItems" */ = {
			isa = XCConfigurationList;
			buildConfigurations = (
				347A6CC4283ACC54001693CD /* Debug */,
				347A6CC5283ACC54001693CD /* Release */,
			);
			defaultConfigurationIsVisible = 0;
			defaultConfigurationName = Release;
		};
		347A6CC6283ACC54001693CD /* Build configuration list for PBXNativeTarget "NavigationBarItems" */ = {
			isa = XCConfigurationList;
			buildConfigurations = (
				347A6CC7283ACC54001693CD /* Debug */,
				347A6CC8283ACC54001693CD /* Release */,
			);
			defaultConfigurationIsVisible = 0;
			defaultConfigurationName = Release;
		};
		347A6CC9283ACC54001693CD /* Build configuration list for PBXNativeTarget "NavigationBarItemsTests" */ = {
			isa = XCConfigurationList;
			buildConfigurations = (
				347A6CCA283ACC54001693CD /* Debug */,
				347A6CCB283ACC54001693CD /* Release */,
			);
			defaultConfigurationIsVisible = 0;
			defaultConfigurationName = Release;
		};
		347A6CCC283ACC54001693CD /* Build configuration list for PBXNativeTarget "NavigationBarItemsUITests" */ = {
			isa = XCConfigurationList;
			buildConfigurations = (
				347A6CCD283ACC54001693CD /* Debug */,
				347A6CCE283ACC54001693CD /* Release */,
			);
			defaultConfigurationIsVisible = 0;
			defaultConfigurationName = Release;
		};
/* End XCConfigurationList section */
	};
	rootObject = 347A6C94283ACC51001693CD /* Project object */;
}
